PODS:
  - FMDB (2.7.5):
    - FMDB/standard (= 2.7.5)
  - FMDB/standard (2.7.5)
  - KissXML (5.3.1):
    - KissXML/All (= 5.3.1)
  - KissXML/Additions (5.3.1):
    - KissXML/Core
  - KissXML/All (5.3.1):
    - KissXML/Additions
    - KissXML/Core
  - KissXML/Core (5.3.1)
  - libjson (7.6.1)
  - proj4 (4.8.0)
  - SMCalloutView (2.1.5)
  - WhirlyGlobe (3.5):
    - WhirlyGlobe/WhirlyGlobe (= 3.5)
  - WhirlyGlobe/glues (3.5)
  - WhirlyGlobe/locallibs (3.5)
  - WhirlyGlobe/WhirlyGlobe (3.5):
    - FMDB
    - KissXML
    - libjson
    - proj4
    - SMCalloutView
    - WhirlyGlobe/glues
    - WhirlyGlobe/locallibs

DEPENDENCIES:
  - WhirlyGlobe (from `https://github.com/mousebird/WhirlyGlobe.git`, branch `develop`)

SPEC REPOS:
  trunk:
    - FMDB
    - KissXML
    - libjson
    - proj4
    - SMCalloutView

EXTERNAL SOURCES:
  WhirlyGlobe:
    :branch: develop
    :git: https://github.com/mousebird/WhirlyGlobe.git

CHECKOUT OPTIONS:
  WhirlyGlobe:
    :commit: 7c2de54c72ebe88398674df24e2f3f555ed975d8
    :git: https://github.com/mousebird/WhirlyGlobe.git

SPEC CHECKSUMS:
  FMDB: 2ce00b547f966261cd18927a3ddb07cb6f3db82a
  KissXML: 5c8e0f2e8b9f071d3e1ae123dec3eb5da615c10c
  libjson: 1a065ca64704a5d1b51c3754268998942d57ac6f
  proj4: 234525105d05a33b2ae9a90a6fe3935f7a246f7e
  SMCalloutView: 5c0ee363dc8e7204b2fda17dfad38c93e9e23481
  WhirlyGlobe: 72e575d95c9dd9b286f0ada088fb3fb0e7b19c8e

PODFILE CHECKSUM: 63140d242c04dfc28e3e3291859070aea5897f8e

COCOAPODS: 1.11.3
