// !$*UTF8*$!
{
	archiveVersion = 1;
	classes = {
	};
	objectVersion = 46;
	objects = {

/* Begin PBXFileReference section */
		2B14BFDD1B86446700CE29A4 /* flightwise.png */ = {isa = PBXFileReference; lastKnownFileType = image.png; path = flightwise.png; sourceTree = "<group>"; };
		2B14BFDE1B86446700CE29A4 /* aeroicon.jpeg */ = {isa = PBXFileReference; lastKnownFileType = image.jpeg; path = aeroicon.jpeg; sourceTree = "<group>"; };
		2B14BFDF1B86446700CE29A4 /* flyqefb.png */ = {isa = PBXFileReference; lastKnownFileType = image.png; path = flyqefb.png; sourceTree = "<group>"; };
		2B14BFE01B86446700CE29A4 /* flytab.jpeg */ = {isa = PBXFileReference; lastKnownFileType = image.jpeg; path = flytab.jpeg; sourceTree = "<group>"; };
		2B14BFE11B86446700CE29A4 /* smartplates.png */ = {isa = PBXFileReference; lastKnownFileType = image.png; path = smartplates.png; sourceTree = "<group>"; };
		2B14BFE21B86446700CE29A4 /* worldatlas.png */ = {isa = PBXFileReference; lastKnownFileType = image.png; path = worldatlas.png; sourceTree = "<group>"; };
		2B19B10B1AB7F4AE00862BCD /* epicenter.png */ = {isa = PBXFileReference; lastKnownFileType = image.png; path = epicenter.png; sourceTree = "<group>"; };
		2B2E59E01CA06E9B008FFE4A /* locationtech_March_20_2016.md */ = {isa = PBXFileReference; lastKnownFileType = net.daringfireball.markdown; name = locationtech_March_20_2016.md; path = ../locationtech/locationtech_March_20_2016.md; sourceTree = "<group>"; };
		2B2E59E21CA06EDC008FFE4A /* natgeodarksky.jpg */ = {isa = PBXFileReference; lastKnownFileType = image.jpeg; name = natgeodarksky.jpg; path = ../locationtech/images/natgeodarksky.jpg; sourceTree = "<group>"; };
		2B2E59E31CA07EC7008FFE4A /* androidbng.jpg */ = {isa = PBXFileReference; lastKnownFileType = image.jpeg; name = androidbng.jpg; path = ../locationtech/images/androidbng.jpg; sourceTree = "<group>"; };
		2B2E59E41CA07EC7008FFE4A /* clustercompare.jpg */ = {isa = PBXFileReference; lastKnownFileType = image.jpeg; name = clustercompare.jpg; path = ../locationtech/images/clustercompare.jpg; sourceTree = "<group>"; };
		2B2E59E51CA07EC7008FFE4A /* clusteringanimation.gif */ = {isa = PBXFileReference; lastKnownFileType = image.gif; name = clusteringanimation.gif; path = ../locationtech/images/clusteringanimation.gif; sourceTree = "<group>"; };
		2B2E59E61CA07EC7008FFE4A /* gaiagps.jpeg */ = {isa = PBXFileReference; lastKnownFileType = image.jpeg; name = gaiagps.jpeg; path = ../locationtech/images/gaiagps.jpeg; sourceTree = "<group>"; };
		2B2E59E71CA07EC7008FFE4A /* gaiagpsweb.jpg */ = {isa = PBXFileReference; lastKnownFileType = image.jpeg; name = gaiagpsweb.jpg; path = ../locationtech/images/gaiagpsweb.jpg; sourceTree = "<group>"; };
		2B2E59E81CA07EC7008FFE4A /* infinite_scroll.gif */ = {isa = PBXFileReference; lastKnownFileType = image.gif; name = infinite_scroll.gif; path = ../locationtech/images/infinite_scroll.gif; sourceTree = "<group>"; };
		2B2E59E91CA07EC7008FFE4A /* multiload.gif */ = {isa = PBXFileReference; lastKnownFileType = image.gif; name = multiload.gif; path = ../locationtech/images/multiload.gif; sourceTree = "<group>"; };
		2B2E59EA1CA07EC7008FFE4A /* multiloadnumbers.gif */ = {isa = PBXFileReference; lastKnownFileType = image.gif; name = multiloadnumbers.gif; path = ../locationtech/images/multiloadnumbers.gif; sourceTree = "<group>"; };
		2B2E59EB1CA07EC7008FFE4A /* natgeo.jpg */ = {isa = PBXFileReference; lastKnownFileType = image.jpeg; name = natgeo.jpg; path = ../locationtech/images/natgeo.jpg; sourceTree = "<group>"; };
		2B2E59EC1CA07EC7008FFE4A /* stamensphericalmercator.jpg */ = {isa = PBXFileReference; lastKnownFileType = image.jpeg; name = stamensphericalmercator.jpg; path = ../locationtech/images/stamensphericalmercator.jpg; sourceTree = "<group>"; };
		2B2E59ED1CA07EC7008FFE4A /* vectorlabelmarker.jpg */ = {isa = PBXFileReference; lastKnownFileType = image.jpeg; name = vectorlabelmarker.jpg; path = ../locationtech/images/vectorlabelmarker.jpg; sourceTree = "<group>"; };
		2B4E068B1A152FAF00ADA318 /* _config.yml */ = {isa = PBXFileReference; lastKnownFileType = text; name = _config.yml; path = ../_config.yml; sourceTree = "<group>"; };
		2B4E068D1A152FB500ADA318 /* tutorial.yaml */ = {isa = PBXFileReference; lastKnownFileType = text; path = tutorial.yaml; sourceTree = "<group>"; };
		2B4E068F1A152FD700ADA318 /* app_entry.html */ = {isa = PBXFileReference; lastKnownFileType = text.html; path = app_entry.html; sourceTree = "<group>"; };
		2B4E06901A152FD700ADA318 /* footer.html */ = {isa = PBXFileReference; lastKnownFileType = text.html; path = footer.html; sourceTree = "<group>"; };
		2B4E06911A152FD700ADA318 /* head.html */ = {isa = PBXFileReference; lastKnownFileType = text.html; path = head.html; sourceTree = "<group>"; };
		2B4E06921A152FD700ADA318 /* header.html */ = {isa = PBXFileReference; lastKnownFileType = text.html; path = header.html; sourceTree = "<group>"; };
		2B4E06941A152FD700ADA318 /* default.html */ = {isa = PBXFileReference; lastKnownFileType = text.html; path = default.html; sourceTree = "<group>"; };
		2B4E06951A152FD700ADA318 /* home.html */ = {isa = PBXFileReference; lastKnownFileType = text.html; path = home.html; sourceTree = "<group>"; };
		2B4E06961A152FD700ADA318 /* page.html */ = {isa = PBXFileReference; lastKnownFileType = text.html; path = page.html; sourceTree = "<group>"; };
		2B4E06971A152FD700ADA318 /* post.html */ = {isa = PBXFileReference; lastKnownFileType = text.html; path = post.html; sourceTree = "<group>"; };
		2B4E06981A152FD700ADA318 /* tutorial.html */ = {isa = PBXFileReference; lastKnownFileType = text.html; path = tutorial.html; sourceTree = "<group>"; };
		2B4E069A1A152FD700ADA318 /* 2014-10-28-welcome-to-jekyll.markdown */ = {isa = PBXFileReference; lastKnownFileType = net.daringfireball.markdown; path = "2014-10-28-welcome-to-jekyll.markdown"; sourceTree = "<group>"; };
		2B4E069C1A152FD700ADA318 /* _base.scss */ = {isa = PBXFileReference; lastKnownFileType = text; path = _base.scss; sourceTree = "<group>"; };
		2B4E069D1A152FD700ADA318 /* _layout.scss */ = {isa = PBXFileReference; lastKnownFileType = text; path = _layout.scss; sourceTree = "<group>"; };
		2B4E069E1A152FD700ADA318 /* _syntax-highlighting.scss */ = {isa = PBXFileReference; lastKnownFileType = text; path = "_syntax-highlighting.scss"; sourceTree = "<group>"; };
		2B4E06A01A152FD700ADA318 /* apps.md */ = {isa = PBXFileReference; lastKnownFileType = net.daringfireball.markdown; path = apps.md; sourceTree = "<group>"; };
		2B4E06A21A152FD700ADA318 /* bootstrap.min.css */ = {isa = PBXFileReference; lastKnownFileType = text.css; path = bootstrap.min.css; sourceTree = "<group>"; };
		2B4E06A31A152FD700ADA318 /* main.scss */ = {isa = PBXFileReference; lastKnownFileType = text; path = main.scss; sourceTree = "<group>"; };
		2B4E06A41A152FD700ADA318 /* MyFontsWebfontsKit.css */ = {isa = PBXFileReference; lastKnownFileType = text.css; path = MyFontsWebfontsKit.css; sourceTree = "<group>"; };
		2B4E06A61A152FD700ADA318 /* bootstrap.min.js */ = {isa = PBXFileReference; lastKnownFileType = sourcecode.javascript; path = bootstrap.min.js; sourceTree = "<group>"; };
		2B4E06A81A152FD700ADA318 /* adding_vector_data.md */ = {isa = PBXFileReference; lastKnownFileType = net.daringfireball.markdown; path = adding_vector_data.md; sourceTree = "<group>"; };
		2B4E06A91A152FD700ADA318 /* building_from_binary.md */ = {isa = PBXFileReference; lastKnownFileType = net.daringfireball.markdown; path = building_from_binary.md; sourceTree = "<group>"; };
		2B4E06AA1A152FD700ADA318 /* building_from_source.md */ = {isa = PBXFileReference; lastKnownFileType = net.daringfireball.markdown; path = building_from_source.md; sourceTree = "<group>"; };
		2B4E06AB1A152FD700ADA318 /* component_tester.md */ = {isa = PBXFileReference; lastKnownFileType = net.daringfireball.markdown; path = component_tester.md; sourceTree = "<group>"; };
		2B4E06AC1A152FD700ADA318 /* getting_started.md */ = {isa = PBXFileReference; lastKnownFileType = net.daringfireball.markdown; path = getting_started.md; sourceTree = "<group>"; };
		2B4E06AD1A152FD800ADA318 /* globe_or_map.md */ = {isa = PBXFileReference; lastKnownFileType = net.daringfireball.markdown; path = globe_or_map.md; sourceTree = "<group>"; };
		2B4E06AE1A152FD800ADA318 /* hello_earth.md */ = {isa = PBXFileReference; lastKnownFileType = net.daringfireball.markdown; path = hello_earth.md; sourceTree = "<group>"; };
		2B4E06AF1A152FD800ADA318 /* local_image_layer.md */ = {isa = PBXFileReference; lastKnownFileType = net.daringfireball.markdown; path = local_image_layer.md; sourceTree = "<group>"; };
		2B4E06B01A152FD800ADA318 /* remote_image_layer.md */ = {isa = PBXFileReference; lastKnownFileType = net.daringfireball.markdown; path = remote_image_layer.md; sourceTree = "<group>"; };
		2B4E06B11A152FD800ADA318 /* vector_selection.md */ = {isa = PBXFileReference; lastKnownFileType = net.daringfireball.markdown; path = vector_selection.md; sourceTree = "<group>"; };
		2B4E06B21A152FD800ADA318 /* your_first_globe.md */ = {isa = PBXFileReference; lastKnownFileType = net.daringfireball.markdown; path = your_first_globe.md; sourceTree = "<group>"; };
		2B4E06B31A152FD800ADA318 /* your_first_map.md */ = {isa = PBXFileReference; lastKnownFileType = net.daringfireball.markdown; path = your_first_map.md; sourceTree = "<group>"; };
		2B4E06B71A153FB100ADA318 /* 819x205.gif */ = {isa = PBXFileReference; lastKnownFileType = image.gif; path = 819x205.gif; sourceTree = "<group>"; };
		2B4E06B91A153FB100ADA318 /* darksky.jpeg */ = {isa = PBXFileReference; lastKnownFileType = image.jpeg; path = darksky.jpeg; sourceTree = "<group>"; };
		2B4E06BA1A153FB100ADA318 /* ellawalk.png */ = {isa = PBXFileReference; lastKnownFileType = image.png; path = ellawalk.png; sourceTree = "<group>"; };
		2B4E06BB1A153FB100ADA318 /* gaiagps.png */ = {isa = PBXFileReference; lastKnownFileType = image.png; path = gaiagps.png; sourceTree = "<group>"; };
		2B4E06BC1A153FB100ADA318 /* gaiagpslogo.png */ = {isa = PBXFileReference; lastKnownFileType = image.png; path = gaiagpslogo.png; sourceTree = "<group>"; };
		2B4E06BD1A153FB100ADA318 /* globalschooner.png */ = {isa = PBXFileReference; lastKnownFileType = image.png; path = globalschooner.png; sourceTree = "<group>"; };
		2B4E06BE1A153FB100ADA318 /* interatlas.jpeg */ = {isa = PBXFileReference; lastKnownFileType = image.jpeg; path = interatlas.jpeg; sourceTree = "<group>"; };
		2B4E06BF1A153FB100ADA318 /* mapboxearth.png */ = {isa = PBXFileReference; lastKnownFileType = image.png; path = mapboxearth.png; sourceTree = "<group>"; };
		2B4E06C01A153FB100ADA318 /* offlinetopomaps.png */ = {isa = PBXFileReference; lastKnownFileType = image.png; path = offlinetopomaps.png; sourceTree = "<group>"; };
		2B4E06C11A153FB100ADA318 /* planetly.png */ = {isa = PBXFileReference; lastKnownFileType = image.png; path = planetly.png; sourceTree = "<group>"; };
		2B4E06C21A153FB100ADA318 /* pray.png */ = {isa = PBXFileReference; lastKnownFileType = image.png; path = pray.png; sourceTree = "<group>"; };
		2B4E06C31A153FB100ADA318 /* santashelper.jpeg */ = {isa = PBXFileReference; lastKnownFileType = image.jpeg; path = santashelper.jpeg; sourceTree = "<group>"; };
		2B4E06C41A153FB100ADA318 /* skipper.png */ = {isa = PBXFileReference; lastKnownFileType = image.png; path = skipper.png; sourceTree = "<group>"; };
		2B4E06C51A153FB100ADA318 /* stratalogica.jpeg */ = {isa = PBXFileReference; lastKnownFileType = image.jpeg; path = stratalogica.jpeg; sourceTree = "<group>"; };
		2B4E06C61A153FB100ADA318 /* symantec.png */ = {isa = PBXFileReference; lastKnownFileType = image.png; path = symantec.png; sourceTree = "<group>"; };
		2B4E06C71A153FB100ADA318 /* tremortracker.png */ = {isa = PBXFileReference; lastKnownFileType = image.png; path = tremortracker.png; sourceTree = "<group>"; };
		2B4E06C81A153FB100ADA318 /* whirlyviz.jpeg */ = {isa = PBXFileReference; lastKnownFileType = image.jpeg; path = whirlyviz.jpeg; sourceTree = "<group>"; };
		2B4E06C91A153FB100ADA318 /* worldinfigures.png */ = {isa = PBXFileReference; lastKnownFileType = image.png; path = worldinfigures.png; sourceTree = "<group>"; };
		2B4E06CA1A153FB100ADA318 /* xweather.jpeg */ = {isa = PBXFileReference; lastKnownFileType = image.jpeg; path = xweather.jpeg; sourceTree = "<group>"; };
		2B4E06CB1A153FB100ADA318 /* globe_and_map.png */ = {isa = PBXFileReference; lastKnownFileType = image.png; path = globe_and_map.png; sourceTree = "<group>"; };
		2B4E06CD1A153FB100ADA318 /* binary_dist_1.png */ = {isa = PBXFileReference; lastKnownFileType = image.png; path = binary_dist_1.png; sourceTree = "<group>"; };
		2B4E06CE1A153FB100ADA318 /* binary_dist_2.png */ = {isa = PBXFileReference; lastKnownFileType = image.png; path = binary_dist_2.png; sourceTree = "<group>"; };
		2B4E06CF1A153FB100ADA318 /* geography_class_mapbox.png */ = {isa = PBXFileReference; lastKnownFileType = image.png; path = geography_class_mapbox.png; sourceTree = "<group>"; };
		2B4E06D01A153FB100ADA318 /* getting_started_header.png */ = {isa = PBXFileReference; lastKnownFileType = image.png; path = getting_started_header.png; sourceTree = "<group>"; };
		2B4E06D11A153FB100ADA318 /* globe_snap_1.png */ = {isa = PBXFileReference; lastKnownFileType = image.png; path = globe_snap_1.png; sourceTree = "<group>"; };
		2B4E06D21A153FB100ADA318 /* hello_earth_finished.png */ = {isa = PBXFileReference; lastKnownFileType = image.png; path = hello_earth_finished.png; sourceTree = "<group>"; };
		2B4E06D31A153FB100ADA318 /* hello_earth_template.png */ = {isa = PBXFileReference; lastKnownFileType = image.png; path = hello_earth_template.png; sourceTree = "<group>"; };
		2B4E06D41A153FB100ADA318 /* source_dist_1.png */ = {isa = PBXFileReference; lastKnownFileType = image.png; path = source_dist_1.png; sourceTree = "<group>"; };
		2B4E06D51A153FB100ADA318 /* source_dist_2.png */ = {isa = PBXFileReference; lastKnownFileType = image.png; path = source_dist_2.png; sourceTree = "<group>"; };
		2B4E06D61A153FB100ADA318 /* source_dist_3.png */ = {isa = PBXFileReference; lastKnownFileType = image.png; path = source_dist_3.png; sourceTree = "<group>"; };
		2B4E06D71A153FB100ADA318 /* WB-MAPLY-LOGO.png */ = {isa = PBXFileReference; lastKnownFileType = image.png; path = "WB-MAPLY-LOGO.png"; sourceTree = "<group>"; };
		2B4E06D81A153FB100ADA318 /* WB-Paper-background.png */ = {isa = PBXFileReference; lastKnownFileType = image.png; path = "WB-Paper-background.png"; sourceTree = "<group>"; };
		2B4E06D91A153FB100ADA318 /* WB-WHIRLYGLOBE-LOGO.png */ = {isa = PBXFileReference; lastKnownFileType = image.png; path = "WB-WHIRLYGLOBE-LOGO.png"; sourceTree = "<group>"; };
		2B4E06DA1A1541F300ADA318 /* local_image_layer_1.png */ = {isa = PBXFileReference; lastKnownFileType = image.png; path = local_image_layer_1.png; sourceTree = "<group>"; };
		2B4E06DC1A15429400ADA318 /* ViewController_globe_and_map.m */ = {isa = PBXFileReference; lastKnownFileType = sourcecode.c.objc; path = ViewController_globe_and_map.m; sourceTree = "<group>"; };
		2B4E06DF1A15437900ADA318 /* local_image_layer_2.png */ = {isa = PBXFileReference; lastKnownFileType = image.png; path = local_image_layer_2.png; sourceTree = "<group>"; };
		2B4E06E21A1549AF00ADA318 /* local_image_layer_3.png */ = {isa = PBXFileReference; lastKnownFileType = image.png; path = local_image_layer_3.png; sourceTree = "<group>"; };
		2B4E06E31A15572100ADA318 /* ViewController_remote_image_layer.m */ = {isa = PBXFileReference; lastKnownFileType = sourcecode.c.objc; path = ViewController_remote_image_layer.m; sourceTree = "<group>"; };
		2B4E06E41A15591D00ADA318 /* remote_image_layer_1.png */ = {isa = PBXFileReference; lastKnownFileType = image.png; path = remote_image_layer_1.png; sourceTree = "<group>"; };
		2B4E06E51A155B4600ADA318 /* remote_image_layer_2.png */ = {isa = PBXFileReference; lastKnownFileType = image.png; path = remote_image_layer_2.png; sourceTree = "<group>"; };
		2B4E06E61A155F2600ADA318 /* ViewController_adding_vector_data.m */ = {isa = PBXFileReference; lastKnownFileType = sourcecode.c.objc; path = ViewController_adding_vector_data.m; sourceTree = "<group>"; };
		2B4E06E71A15606600ADA318 /* adding_vector_data_1.png */ = {isa = PBXFileReference; lastKnownFileType = image.png; path = adding_vector_data_1.png; sourceTree = "<group>"; };
		2B4E06E81A15619400ADA318 /* adding_vector_data_2.png */ = {isa = PBXFileReference; lastKnownFileType = image.png; path = adding_vector_data_2.png; sourceTree = "<group>"; };
		2B4E08DC1A15711700ADA318 /* adding_vector_data_3.png */ = {isa = PBXFileReference; lastKnownFileType = image.png; path = adding_vector_data_3.png; sourceTree = "<group>"; };
		2B4E08DD1A15711700ADA318 /* adding_vector_data_4.png */ = {isa = PBXFileReference; lastKnownFileType = image.png; path = adding_vector_data_4.png; sourceTree = "<group>"; };
		2B4E08DE1A15745400ADA318 /* ViewController_vector_selection.m */ = {isa = PBXFileReference; lastKnownFileType = sourcecode.c.objc; path = ViewController_vector_selection.m; sourceTree = "<group>"; };
		2B4E08DF1A157CDC00ADA318 /* vector_selection_1.png */ = {isa = PBXFileReference; lastKnownFileType = image.png; path = vector_selection_1.png; sourceTree = "<group>"; };
		2B4E08E01A157CDC00ADA318 /* vector_selection_2.png */ = {isa = PBXFileReference; lastKnownFileType = image.png; path = vector_selection_2.png; sourceTree = "<group>"; };
		2B4E08E11A157DC100ADA318 /* vector_selection_3.png */ = {isa = PBXFileReference; lastKnownFileType = image.png; path = vector_selection_3.png; sourceTree = "<group>"; };
		2B4E08E21A15803E00ADA318 /* ViewController_post_vector_selection.m */ = {isa = PBXFileReference; lastKnownFileType = sourcecode.c.objc; path = ViewController_post_vector_selection.m; sourceTree = "<group>"; };
		2B4E08E61A1582F000ADA318 /* component_tester_1.png */ = {isa = PBXFileReference; lastKnownFileType = image.png; path = component_tester_1.png; sourceTree = "<group>"; };
		2B4E08E71A15CDC600ADA318 /* building_from_cocoapod.md */ = {isa = PBXFileReference; lastKnownFileType = net.daringfireball.markdown; path = building_from_cocoapod.md; sourceTree = "<group>"; };
		2B4E091B1A15D98300ADA318 /* whirlyglobecocoapod.png */ = {isa = PBXFileReference; lastKnownFileType = image.png; path = whirlyglobecocoapod.png; sourceTree = "<group>"; };
		2B4E091C1A15D98300ADA318 /* cocoapodslogo.gif */ = {isa = PBXFileReference; lastKnownFileType = image.gif; path = cocoapodslogo.gif; sourceTree = "<group>"; };
		2B4E091D1A15D98300ADA318 /* cocoapods_1.png */ = {isa = PBXFileReference; lastKnownFileType = image.png; path = cocoapods_1.png; sourceTree = "<group>"; };
		2B769FB71A16D9BB00C60136 /* carousel.html */ = {isa = PBXFileReference; lastKnownFileType = text.html; path = carousel.html; sourceTree = "<group>"; };
		2B769FC11A16E43800C60136 /* index.md */ = {isa = PBXFileReference; lastKnownFileType = net.daringfireball.markdown; name = index.md; path = ../index.md; sourceTree = "<group>"; };
		2B769FC31A17CD1600C60136 /* android.jpg */ = {isa = PBXFileReference; lastKnownFileType = image.jpeg; path = android.jpg; sourceTree = "<group>"; };
		2B769FC41A17CD1600C60136 /* brazil.jpg */ = {isa = PBXFileReference; lastKnownFileType = image.jpeg; path = brazil.jpg; sourceTree = "<group>"; };
		2B769FC51A17CD1600C60136 /* geneva.jpg */ = {isa = PBXFileReference; lastKnownFileType = image.jpeg; path = geneva.jpg; sourceTree = "<group>"; };
		2B769FC61A17CD1600C60136 /* gibs.jpg */ = {isa = PBXFileReference; lastKnownFileType = image.jpeg; path = gibs.jpg; sourceTree = "<group>"; };
		2B769FC71A17CD1600C60136 /* globe_lower.jpg */ = {isa = PBXFileReference; lastKnownFileType = image.jpeg; path = globe_lower.jpg; sourceTree = "<group>"; };
		2B769FC81A17CD1600C60136 /* mapandglobe.jpg */ = {isa = PBXFileReference; lastKnownFileType = image.jpeg; path = mapandglobe.jpg; sourceTree = "<group>"; };
		2B769FC91A17CD1600C60136 /* mtrainier.jpg */ = {isa = PBXFileReference; lastKnownFileType = image.jpeg; path = mtrainier.jpg; sourceTree = "<group>"; };
		2B769FCA1A17CDA700C60136 /* screen_labels.md */ = {isa = PBXFileReference; lastKnownFileType = net.daringfireball.markdown; path = screen_labels.md; sourceTree = "<group>"; };
		2B769FCB1A17CDA700C60136 /* screen_markers.md */ = {isa = PBXFileReference; lastKnownFileType = net.daringfireball.markdown; path = screen_markers.md; sourceTree = "<group>"; };
		2B769FCC1A17CF9600C60136 /* arrows_3d.md */ = {isa = PBXFileReference; lastKnownFileType = net.daringfireball.markdown; path = arrows_3d.md; sourceTree = "<group>"; };
		2B769FCD1A17CF9600C60136 /* cylinders.md */ = {isa = PBXFileReference; lastKnownFileType = net.daringfireball.markdown; path = cylinders.md; sourceTree = "<group>"; };
		2B769FCE1A17CF9600C60136 /* spheres.md */ = {isa = PBXFileReference; lastKnownFileType = net.daringfireball.markdown; path = spheres.md; sourceTree = "<group>"; };
		2B769FCF1A17D10600C60136 /* great_circles.md */ = {isa = PBXFileReference; lastKnownFileType = net.daringfireball.markdown; path = great_circles.md; sourceTree = "<group>"; };
		2B769FD01A17D21D00C60136 /* selection_everything.md */ = {isa = PBXFileReference; lastKnownFileType = net.daringfireball.markdown; path = selection_everything.md; sourceTree = "<group>"; };
		2B769FD11A17D26A00C60136 /* screen_marker_selection.md */ = {isa = PBXFileReference; lastKnownFileType = net.daringfireball.markdown; path = screen_marker_selection.md; sourceTree = "<group>"; };
		2B76A0031A1AAF6400C60136 /* screen_labels_1.png */ = {isa = PBXFileReference; lastKnownFileType = image.png; path = screen_labels_1.png; sourceTree = "<group>"; };
		2B76A0071A1AB1F100C60136 /* ViewController_screen_labels.m */ = {isa = PBXFileReference; lastKnownFileType = sourcecode.c.objc; path = ViewController_screen_labels.m; sourceTree = "<group>"; };
		2B76A0081A1AB20600C60136 /* screen_labels_3.png */ = {isa = PBXFileReference; lastKnownFileType = image.png; path = screen_labels_3.png; sourceTree = "<group>"; };
		2B76A0091A1AB20600C60136 /* screen_labels_2.png */ = {isa = PBXFileReference; lastKnownFileType = image.png; path = screen_labels_2.png; sourceTree = "<group>"; };
		2B76A00A1A1AB31900C60136 /* ViewController_screen_markers.m */ = {isa = PBXFileReference; lastKnownFileType = sourcecode.c.objc; path = ViewController_screen_markers.m; sourceTree = "<group>"; };
		2B76A00F1A1AB7F300C60136 /* screen_markers_3.png */ = {isa = PBXFileReference; lastKnownFileType = image.png; path = screen_markers_3.png; sourceTree = "<group>"; };
		2B76A0101A1AB7F300C60136 /* screen_markers_2.png */ = {isa = PBXFileReference; lastKnownFileType = image.png; path = screen_markers_2.png; sourceTree = "<group>"; };
		2B76A0111A1AB7F300C60136 /* screen_markers_1.png */ = {isa = PBXFileReference; lastKnownFileType = image.png; path = screen_markers_1.png; sourceTree = "<group>"; };
		2B76A0121A1ABB1400C60136 /* ViewController_spheres.m */ = {isa = PBXFileReference; lastKnownFileType = sourcecode.c.objc; path = ViewController_spheres.m; sourceTree = "<group>"; };
		2B76A0131A1AC0B500C60136 /* spheres_2.png */ = {isa = PBXFileReference; lastKnownFileType = image.png; path = spheres_2.png; sourceTree = "<group>"; };
		2B76A0141A1AC0B500C60136 /* spheres_1.png */ = {isa = PBXFileReference; lastKnownFileType = image.png; path = spheres_1.png; sourceTree = "<group>"; };
		2B76A0151A1AD4F900C60136 /* ViewController_screen_marker_selection.m */ = {isa = PBXFileReference; lastKnownFileType = sourcecode.c.objc; path = ViewController_screen_marker_selection.m; sourceTree = "<group>"; };
		2B76A0161A1AD71500C60136 /* screen_marker_selection_1.png */ = {isa = PBXFileReference; lastKnownFileType = image.png; path = screen_marker_selection_1.png; sourceTree = "<group>"; };
		2B76A0171A1AD71500C60136 /* screen_marker_selection_2.png */ = {isa = PBXFileReference; lastKnownFileType = image.png; path = screen_marker_selection_2.png; sourceTree = "<group>"; };
		2B76A0181A1B0B5D00C60136 /* big_buttons.html */ = {isa = PBXFileReference; lastKnownFileType = text.html; path = big_buttons.html; sourceTree = "<group>"; };
		2B76A01A1A1B123E00C60136 /* reference.md */ = {isa = PBXFileReference; lastKnownFileType = net.daringfireball.markdown; name = reference.md; path = ../reference/reference.md; sourceTree = "<group>"; };
		2B76A01B1A1B130200C60136 /* android_robot_200.png */ = {isa = PBXFileReference; lastKnownFileType = image.png; path = android_robot_200.png; sourceTree = "<group>"; };
		2B76A01C1A1B15A700C60136 /* apple_logo_black.png */ = {isa = PBXFileReference; lastKnownFileType = image.png; path = apple_logo_black.png; sourceTree = "<group>"; };
		2B76A01D1A1B163100C60136 /* apple_logo_white.png */ = {isa = PBXFileReference; lastKnownFileType = image.png; path = apple_logo_white.png; sourceTree = "<group>"; };
		2B76A0481A1C67ED00C60136 /* cartodb_layer.md */ = {isa = PBXFileReference; lastKnownFileType = net.daringfireball.markdown; path = cartodb_layer.md; sourceTree = "<group>"; };
		2B76A0491A1D175E00C60136 /* cartodb_pluto.png */ = {isa = PBXFileReference; lastKnownFileType = image.png; path = cartodb_pluto.png; sourceTree = "<group>"; };
		2B76A04A1A1D202C00C60136 /* cartodb_layer_2.png */ = {isa = PBXFileReference; lastKnownFileType = image.png; path = cartodb_layer_2.png; sourceTree = "<group>"; };
		2B76A04B1A1D203300C60136 /* cartodb_layer_1.png */ = {isa = PBXFileReference; lastKnownFileType = image.png; path = cartodb_layer_1.png; sourceTree = "<group>"; };
		2B76A04C1A1D2AD300C60136 /* ViewController_cartodb.m */ = {isa = PBXFileReference; lastKnownFileType = sourcecode.c.objc; path = ViewController_cartodb.m; sourceTree = "<group>"; };
		2B76A04D1A1D2AD300C60136 /* CartoDBLayer.m */ = {isa = PBXFileReference; lastKnownFileType = sourcecode.c.objc; path = CartoDBLayer.m; sourceTree = "<group>"; };
		2B76A04E1A1D2AD300C60136 /* CartoDBLayer.h */ = {isa = PBXFileReference; lastKnownFileType = sourcecode.c.h; path = CartoDBLayer.h; sourceTree = "<group>"; };
		2B76A04F1A1D2B0B00C60136 /* cartodb_results.png */ = {isa = PBXFileReference; lastKnownFileType = image.png; path = cartodb_results.png; sourceTree = "<group>"; };
		2B76A0501A1D2C7100C60136 /* globezoomnumbers.gif */ = {isa = PBXFileReference; lastKnownFileType = image.gif; path = globezoomnumbers.gif; sourceTree = "<group>"; };
		2B96DB6A1B7402B1005FF148 /* remote_ArcGIS_image_layers.md */ = {isa = PBXFileReference; lastKnownFileType = net.daringfireball.markdown; path = remote_ArcGIS_image_layers.md; sourceTree = "<group>"; };
		2B96DB6B1B7402B1005FF148 /* remote_NASA_image_layers.md */ = {isa = PBXFileReference; lastKnownFileType = net.daringfireball.markdown; path = remote_NASA_image_layers.md; sourceTree = "<group>"; };
		2B96DB6C1B7402BE005FF148 /* ViewController_ArcGIS.m */ = {isa = PBXFileReference; lastKnownFileType = sourcecode.c.objc; path = ViewController_ArcGIS.m; sourceTree = "<group>"; };
		2B96DB6D1B7402BE005FF148 /* ViewController_NASA_GIBS.m */ = {isa = PBXFileReference; lastKnownFileType = sourcecode.c.objc; path = ViewController_NASA_GIBS.m; sourceTree = "<group>"; };
		2B96DB6E1B7402DC005FF148 /* ArcGIS_Header.png */ = {isa = PBXFileReference; lastKnownFileType = image.png; path = ArcGIS_Header.png; sourceTree = "<group>"; };
		2B96DB6F1B7402DC005FF148 /* ArcGISProgression.png */ = {isa = PBXFileReference; lastKnownFileType = image.png; path = ArcGISProgression.png; sourceTree = "<group>"; };
		2B96DB701B7402DC005FF148 /* NASA_GIBS_Header.png */ = {isa = PBXFileReference; lastKnownFileType = image.png; path = NASA_GIBS_Header.png; sourceTree = "<group>"; };
		2B96DB711B7402DC005FF148 /* NASA_layers_header.png */ = {isa = PBXFileReference; lastKnownFileType = image.png; path = NASA_layers_header.png; sourceTree = "<group>"; };
		2B96DB721B7402DC005FF148 /* NASA_NightTime_Layer.png */ = {isa = PBXFileReference; lastKnownFileType = image.png; path = NASA_NightTime_Layer.png; sourceTree = "<group>"; };
		2B96DB731B7402DC005FF148 /* NASA_SeaTemp_Overlay.png */ = {isa = PBXFileReference; lastKnownFileType = image.png; path = NASA_SeaTemp_Overlay.png; sourceTree = "<group>"; };
		2BADFD8A1C7FC9E8004687FB /* miizee.png */ = {isa = PBXFileReference; lastKnownFileType = image.png; path = miizee.png; sourceTree = "<group>"; };
		2BB7660F1C73A14700F01F2A /* aeroviereports.jpeg */ = {isa = PBXFileReference; lastKnownFileType = image.jpeg; path = aeroviereports.jpeg; sourceTree = "<group>"; };
		2BB766101C73A14700F01F2A /* climearth.jpeg */ = {isa = PBXFileReference; lastKnownFileType = image.jpeg; path = climearth.jpeg; sourceTree = "<group>"; };
		2BB766111C73A14700F01F2A /* flightwiseplanner.png */ = {isa = PBXFileReference; lastKnownFileType = image.png; path = flightwiseplanner.png; sourceTree = "<group>"; };
		2BB766121C73A14700F01F2A /* freeflight.jpeg */ = {isa = PBXFileReference; lastKnownFileType = image.jpeg; path = freeflight.jpeg; sourceTree = "<group>"; };
		2BB94D8B1A2CEDCE0076B1B4 /* deforestation.png */ = {isa = PBXFileReference; lastKnownFileType = image.png; path = deforestation.png; sourceTree = "<group>"; };
		2BB94D9D1A2FBCAA0076B1B4 /* tutorial.js */ = {isa = PBXFileReference; lastKnownFileType = sourcecode.javascript; path = tutorial.js; sourceTree = "<group>"; };
/* End PBXFileReference section */

/* Begin PBXGroup section */
		2B2E59DF1CA06E86008FFE4A /* locationtech */ = {
			isa = PBXGroup;
			children = (
				2B2E59E01CA06E9B008FFE4A /* locationtech_March_20_2016.md */,
				2B2E59E11CA06ECC008FFE4A /* images */,
			);
			name = locationtech;
			sourceTree = "<group>";
		};
		2B2E59E11CA06ECC008FFE4A /* images */ = {
			isa = PBXGroup;
			children = (
				2B2E59E31CA07EC7008FFE4A /* androidbng.jpg */,
				2B2E59E41CA07EC7008FFE4A /* clustercompare.jpg */,
				2B2E59E51CA07EC7008FFE4A /* clusteringanimation.gif */,
				2B2E59E61CA07EC7008FFE4A /* gaiagps.jpeg */,
				2B2E59E71CA07EC7008FFE4A /* gaiagpsweb.jpg */,
				2B2E59E81CA07EC7008FFE4A /* infinite_scroll.gif */,
				2B2E59E91CA07EC7008FFE4A /* multiload.gif */,
				2B2E59EA1CA07EC7008FFE4A /* multiloadnumbers.gif */,
				2B2E59EB1CA07EC7008FFE4A /* natgeo.jpg */,
				2B2E59EC1CA07EC7008FFE4A /* stamensphericalmercator.jpg */,
				2B2E59ED1CA07EC7008FFE4A /* vectorlabelmarker.jpg */,
				2B2E59E21CA06EDC008FFE4A /* natgeodarksky.jpg */,
			);
			name = images;
			sourceTree = "<group>";
		};
		2B4E06841A152F8C00ADA318 = {
			isa = PBXGroup;
			children = (
				2B4E068B1A152FAF00ADA318 /* _config.yml */,
				2B769FC11A16E43800C60136 /* index.md */,
				2B4E068C1A152FB500ADA318 /* _data */,
				2B4E068E1A152FD700ADA318 /* _includes */,
				2B4E06931A152FD700ADA318 /* _layouts */,
				2B4E06991A152FD700ADA318 /* _posts */,
				2B4E069B1A152FD700ADA318 /* _sass */,
				2B4E069F1A152FD700ADA318 /* apps */,
				2B4E06A11A152FD700ADA318 /* css */,
				2B4E06A51A152FD700ADA318 /* js */,
				2B2E59DF1CA06E86008FFE4A /* locationtech */,
				2B4E06B61A153FB100ADA318 /* images */,
				2B4E06A71A152FD700ADA318 /* tutorial */,
				2B76A0191A1B122D00C60136 /* reference */,
			);
			sourceTree = "<group>";
		};
		2B4E068C1A152FB500ADA318 /* _data */ = {
			isa = PBXGroup;
			children = (
				2B4E068D1A152FB500ADA318 /* tutorial.yaml */,
			);
			name = _data;
			path = ../_data;
			sourceTree = "<group>";
		};
		2B4E068E1A152FD700ADA318 /* _includes */ = {
			isa = PBXGroup;
			children = (
				2B76A0181A1B0B5D00C60136 /* big_buttons.html */,
				2B4E068F1A152FD700ADA318 /* app_entry.html */,
				2B4E06901A152FD700ADA318 /* footer.html */,
				2B4E06911A152FD700ADA318 /* head.html */,
				2B4E06921A152FD700ADA318 /* header.html */,
				2B769FB71A16D9BB00C60136 /* carousel.html */,
			);
			name = _includes;
			path = ../_includes;
			sourceTree = "<group>";
		};
		2B4E06931A152FD700ADA318 /* _layouts */ = {
			isa = PBXGroup;
			children = (
				2B4E06941A152FD700ADA318 /* default.html */,
				2B4E06951A152FD700ADA318 /* home.html */,
				2B4E06961A152FD700ADA318 /* page.html */,
				2B4E06971A152FD700ADA318 /* post.html */,
				2B4E06981A152FD700ADA318 /* tutorial.html */,
			);
			name = _layouts;
			path = ../_layouts;
			sourceTree = "<group>";
		};
		2B4E06991A152FD700ADA318 /* _posts */ = {
			isa = PBXGroup;
			children = (
				2B4E069A1A152FD700ADA318 /* 2014-10-28-welcome-to-jekyll.markdown */,
			);
			name = _posts;
			path = ../_posts;
			sourceTree = "<group>";
		};
		2B4E069B1A152FD700ADA318 /* _sass */ = {
			isa = PBXGroup;
			children = (
				2B4E069C1A152FD700ADA318 /* _base.scss */,
				2B4E069D1A152FD700ADA318 /* _layout.scss */,
				2B4E069E1A152FD700ADA318 /* _syntax-highlighting.scss */,
			);
			name = _sass;
			path = ../_sass;
			sourceTree = "<group>";
		};
		2B4E069F1A152FD700ADA318 /* apps */ = {
			isa = PBXGroup;
			children = (
				2B4E06A01A152FD700ADA318 /* apps.md */,
			);
			name = apps;
			path = ../apps;
			sourceTree = "<group>";
		};
		2B4E06A11A152FD700ADA318 /* css */ = {
			isa = PBXGroup;
			children = (
				2B4E06A21A152FD700ADA318 /* bootstrap.min.css */,
				2B4E06A31A152FD700ADA318 /* main.scss */,
				2B4E06A41A152FD700ADA318 /* MyFontsWebfontsKit.css */,
			);
			name = css;
			path = ../css;
			sourceTree = "<group>";
		};
		2B4E06A51A152FD700ADA318 /* js */ = {
			isa = PBXGroup;
			children = (
				2BB94D9D1A2FBCAA0076B1B4 /* tutorial.js */,
				2B4E06A61A152FD700ADA318 /* bootstrap.min.js */,
			);
			name = js;
			path = ../js;
			sourceTree = "<group>";
		};
		2B4E06A71A152FD700ADA318 /* tutorial */ = {
			isa = PBXGroup;
			children = (
				2B4E06DB1A15429400ADA318 /* code */,
				2B4E06A81A152FD700ADA318 /* adding_vector_data.md */,
				2B4E06A91A152FD700ADA318 /* building_from_binary.md */,
				2B4E06AA1A152FD700ADA318 /* building_from_source.md */,
				2B4E08E71A15CDC600ADA318 /* building_from_cocoapod.md */,
				2B4E06AB1A152FD700ADA318 /* component_tester.md */,
				2B4E06AC1A152FD700ADA318 /* getting_started.md */,
				2B4E06AD1A152FD800ADA318 /* globe_or_map.md */,
				2B4E06AE1A152FD800ADA318 /* hello_earth.md */,
				2B4E06AF1A152FD800ADA318 /* local_image_layer.md */,
				2B4E06B01A152FD800ADA318 /* remote_image_layer.md */,
				2B4E06B11A152FD800ADA318 /* vector_selection.md */,
				2B4E06B21A152FD800ADA318 /* your_first_globe.md */,
				2B4E06B31A152FD800ADA318 /* your_first_map.md */,
				2B769FCA1A17CDA700C60136 /* screen_labels.md */,
				2B769FCB1A17CDA700C60136 /* screen_markers.md */,
				2B769FCC1A17CF9600C60136 /* arrows_3d.md */,
				2B769FCD1A17CF9600C60136 /* cylinders.md */,
				2B769FCE1A17CF9600C60136 /* spheres.md */,
				2B769FCF1A17D10600C60136 /* great_circles.md */,
				2B769FD01A17D21D00C60136 /* selection_everything.md */,
				2B769FD11A17D26A00C60136 /* screen_marker_selection.md */,
				2B76A0481A1C67ED00C60136 /* cartodb_layer.md */,
				2B96DB6A1B7402B1005FF148 /* remote_ArcGIS_image_layers.md */,
				2B96DB6B1B7402B1005FF148 /* remote_NASA_image_layers.md */,
			);
			name = tutorial;
			path = ../tutorial;
			sourceTree = "<group>";
		};
		2B4E06B61A153FB100ADA318 /* images */ = {
			isa = PBXGroup;
			children = (
				2B76A01B1A1B130200C60136 /* android_robot_200.png */,
				2B76A01D1A1B163100C60136 /* apple_logo_white.png */,
				2B76A01C1A1B15A700C60136 /* apple_logo_black.png */,
				2B769FB81A16E02500C60136 /* carousel */,
				2B4E06B71A153FB100ADA318 /* 819x205.gif */,
				2B4E06B81A153FB100ADA318 /* apps */,
				2B4E06CB1A153FB100ADA318 /* globe_and_map.png */,
				2B4E06CC1A153FB100ADA318 /* tutorial */,
				2B4E06D71A153FB100ADA318 /* WB-MAPLY-LOGO.png */,
				2B4E06D81A153FB100ADA318 /* WB-Paper-background.png */,
				2B4E06D91A153FB100ADA318 /* WB-WHIRLYGLOBE-LOGO.png */,
			);
			name = images;
			path = ../images;
			sourceTree = "<group>";
		};
		2B4E06B81A153FB100ADA318 /* apps */ = {
			isa = PBXGroup;
			children = (
				2BADFD8A1C7FC9E8004687FB /* miizee.png */,
				2BB7660F1C73A14700F01F2A /* aeroviereports.jpeg */,
				2BB766101C73A14700F01F2A /* climearth.jpeg */,
				2BB766111C73A14700F01F2A /* flightwiseplanner.png */,
				2BB766121C73A14700F01F2A /* freeflight.jpeg */,
				2B14BFDD1B86446700CE29A4 /* flightwise.png */,
				2B14BFDE1B86446700CE29A4 /* aeroicon.jpeg */,
				2B14BFDF1B86446700CE29A4 /* flyqefb.png */,
				2B14BFE01B86446700CE29A4 /* flytab.jpeg */,
				2B14BFE11B86446700CE29A4 /* smartplates.png */,
				2B14BFE21B86446700CE29A4 /* worldatlas.png */,
				2B19B10B1AB7F4AE00862BCD /* epicenter.png */,
				2BB94D8B1A2CEDCE0076B1B4 /* deforestation.png */,
				2B4E06B91A153FB100ADA318 /* darksky.jpeg */,
				2B4E06BA1A153FB100ADA318 /* ellawalk.png */,
				2B4E06BB1A153FB100ADA318 /* gaiagps.png */,
				2B4E06BC1A153FB100ADA318 /* gaiagpslogo.png */,
				2B4E06BD1A153FB100ADA318 /* globalschooner.png */,
				2B4E06BE1A153FB100ADA318 /* interatlas.jpeg */,
				2B4E06BF1A153FB100ADA318 /* mapboxearth.png */,
				2B4E06C01A153FB100ADA318 /* offlinetopomaps.png */,
				2B4E06C11A153FB100ADA318 /* planetly.png */,
				2B4E06C21A153FB100ADA318 /* pray.png */,
				2B4E06C31A153FB100ADA318 /* santashelper.jpeg */,
				2B4E06C41A153FB100ADA318 /* skipper.png */,
				2B4E06C51A153FB100ADA318 /* stratalogica.jpeg */,
				2B4E06C61A153FB100ADA318 /* symantec.png */,
				2B4E06C71A153FB100ADA318 /* tremortracker.png */,
				2B4E06C81A153FB100ADA318 /* whirlyviz.jpeg */,
				2B4E06C91A153FB100ADA318 /* worldinfigures.png */,
				2B4E06CA1A153FB100ADA318 /* xweather.jpeg */,
			);
			path = apps;
			sourceTree = "<group>";
		};
		2B4E06CC1A153FB100ADA318 /* tutorial */ = {
			isa = PBXGroup;
			children = (
				2B96DB6E1B7402DC005FF148 /* ArcGIS_Header.png */,
				2B96DB6F1B7402DC005FF148 /* ArcGISProgression.png */,
				2B96DB701B7402DC005FF148 /* NASA_GIBS_Header.png */,
				2B96DB711B7402DC005FF148 /* NASA_layers_header.png */,
				2B96DB721B7402DC005FF148 /* NASA_NightTime_Layer.png */,
				2B96DB731B7402DC005FF148 /* NASA_SeaTemp_Overlay.png */,
				2B76A0501A1D2C7100C60136 /* globezoomnumbers.gif */,
				2B76A04F1A1D2B0B00C60136 /* cartodb_results.png */,
				2B76A04A1A1D202C00C60136 /* cartodb_layer_2.png */,
				2B76A04B1A1D203300C60136 /* cartodb_layer_1.png */,
				2B76A0491A1D175E00C60136 /* cartodb_pluto.png */,
				2B76A0161A1AD71500C60136 /* screen_marker_selection_1.png */,
				2B76A0171A1AD71500C60136 /* screen_marker_selection_2.png */,
				2B76A0131A1AC0B500C60136 /* spheres_2.png */,
				2B76A0141A1AC0B500C60136 /* spheres_1.png */,
				2B76A00F1A1AB7F300C60136 /* screen_markers_3.png */,
				2B76A0101A1AB7F300C60136 /* screen_markers_2.png */,
				2B76A0111A1AB7F300C60136 /* screen_markers_1.png */,
				2B76A0081A1AB20600C60136 /* screen_labels_3.png */,
				2B76A0091A1AB20600C60136 /* screen_labels_2.png */,
				2B76A0031A1AAF6400C60136 /* screen_labels_1.png */,
				2B4E091B1A15D98300ADA318 /* whirlyglobecocoapod.png */,
				2B4E091C1A15D98300ADA318 /* cocoapodslogo.gif */,
				2B4E091D1A15D98300ADA318 /* cocoapods_1.png */,
				2B4E06E51A155B4600ADA318 /* remote_image_layer_2.png */,
				2B4E06E41A15591D00ADA318 /* remote_image_layer_1.png */,
				2B4E06CD1A153FB100ADA318 /* binary_dist_1.png */,
				2B4E06CE1A153FB100ADA318 /* binary_dist_2.png */,
				2B4E06CF1A153FB100ADA318 /* geography_class_mapbox.png */,
				2B4E06D01A153FB100ADA318 /* getting_started_header.png */,
				2B4E06D11A153FB100ADA318 /* globe_snap_1.png */,
				2B4E06D21A153FB100ADA318 /* hello_earth_finished.png */,
				2B4E06D31A153FB100ADA318 /* hello_earth_template.png */,
				2B4E06D41A153FB100ADA318 /* source_dist_1.png */,
				2B4E06D51A153FB100ADA318 /* source_dist_2.png */,
				2B4E06D61A153FB100ADA318 /* source_dist_3.png */,
				2B4E06DA1A1541F300ADA318 /* local_image_layer_1.png */,
				2B4E06DF1A15437900ADA318 /* local_image_layer_2.png */,
				2B4E06E21A1549AF00ADA318 /* local_image_layer_3.png */,
				2B4E06E71A15606600ADA318 /* adding_vector_data_1.png */,
				2B4E06E81A15619400ADA318 /* adding_vector_data_2.png */,
				2B4E08DC1A15711700ADA318 /* adding_vector_data_3.png */,
				2B4E08DD1A15711700ADA318 /* adding_vector_data_4.png */,
				2B4E08DF1A157CDC00ADA318 /* vector_selection_1.png */,
				2B4E08E01A157CDC00ADA318 /* vector_selection_2.png */,
				2B4E08E11A157DC100ADA318 /* vector_selection_3.png */,
				2B4E08E61A1582F000ADA318 /* component_tester_1.png */,
			);
			path = tutorial;
			sourceTree = "<group>";
		};
		2B4E06DB1A15429400ADA318 /* code */ = {
			isa = PBXGroup;
			children = (
				2B96DB6C1B7402BE005FF148 /* ViewController_ArcGIS.m */,
				2B96DB6D1B7402BE005FF148 /* ViewController_NASA_GIBS.m */,
				2B76A04C1A1D2AD300C60136 /* ViewController_cartodb.m */,
				2B76A04D1A1D2AD300C60136 /* CartoDBLayer.m */,
				2B76A04E1A1D2AD300C60136 /* CartoDBLayer.h */,
				2B76A0151A1AD4F900C60136 /* ViewController_screen_marker_selection.m */,
				2B76A0121A1ABB1400C60136 /* ViewController_spheres.m */,
				2B76A00A1A1AB31900C60136 /* ViewController_screen_markers.m */,
				2B76A0071A1AB1F100C60136 /* ViewController_screen_labels.m */,
				2B4E06E61A155F2600ADA318 /* ViewController_adding_vector_data.m */,
				2B4E06E31A15572100ADA318 /* ViewController_remote_image_layer.m */,
				2B4E06DC1A15429400ADA318 /* ViewController_globe_and_map.m */,
				2B4E08DE1A15745400ADA318 /* ViewController_vector_selection.m */,
				2B4E08E21A15803E00ADA318 /* ViewController_post_vector_selection.m */,
			);
			path = code;
			sourceTree = "<group>";
		};
		2B769FB81A16E02500C60136 /* carousel */ = {
			isa = PBXGroup;
			children = (
				2B769FB91A16E02E00C60136 /* home */,
			);
			name = carousel;
			sourceTree = "<group>";
		};
		2B769FB91A16E02E00C60136 /* home */ = {
			isa = PBXGroup;
			children = (
				2B769FC31A17CD1600C60136 /* android.jpg */,
				2B769FC41A17CD1600C60136 /* brazil.jpg */,
				2B769FC51A17CD1600C60136 /* geneva.jpg */,
				2B769FC61A17CD1600C60136 /* gibs.jpg */,
				2B769FC71A17CD1600C60136 /* globe_lower.jpg */,
				2B769FC81A17CD1600C60136 /* mapandglobe.jpg */,
				2B769FC91A17CD1600C60136 /* mtrainier.jpg */,
			);
			name = home;
			path = carousel/home;
			sourceTree = "<group>";
		};
		2B76A0191A1B122D00C60136 /* reference */ = {
			isa = PBXGroup;
			children = (
				2B76A01A1A1B123E00C60136 /* reference.md */,
			);
			name = reference;
			sourceTree = "<group>";
		};
/* End PBXGroup section */

/* Begin PBXProject section */
		2B4E06851A152F8C00ADA318 /* Project object */ = {
			isa = PBXProject;
			attributes = {
				LastUpgradeCheck = 0610;
			};
			buildConfigurationList = 2B4E06881A152F8C00ADA318 /* Build configuration list for PBXProject "DocsXcode" */;
			compatibilityVersion = "Xcode 3.2";
			developmentRegion = English;
			hasScannedForEncodings = 0;
			knownRegions = (
				en,
			);
			mainGroup = 2B4E06841A152F8C00ADA318;
			projectDirPath = "";
			projectRoot = "";
			targets = (
			);
		};
/* End PBXProject section */

/* Begin XCBuildConfiguration section */
		2B4E06891A152F8C00ADA318 /* Debug */ = {
			isa = XCBuildConfiguration;
			buildSettings = {
			};
			name = Debug;
		};
		2B4E068A1A152F8C00ADA318 /* Release */ = {
			isa = XCBuildConfiguration;
			buildSettings = {
			};
			name = Release;
		};
/* End XCBuildConfiguration section */

/* Begin XCConfigurationList section */
		2B4E06881A152F8C00ADA318 /* Build configuration list for PBXProject "DocsXcode" */ = {
			isa = XCConfigurationList;
			buildConfigurations = (
				2B4E06891A152F8C00ADA318 /* Debug */,
				2B4E068A1A152F8C00ADA318 /* Release */,
			);
			defaultConfigurationIsVisible = 0;
			defaultConfigurationName = Release;
		};
/* End XCConfigurationList section */
	};
	rootObject = 2B4E06851A152F8C00ADA318 /* Project object */;
}
