// !$*UTF8*$!
{
	archiveVersion = 1;
	classes = {
	};
	objectVersion = 46;
	objects = {

/* Begin PBXBuildFile section */
		2B7EF2C915FAB04200D4079F /* UIKit.framework in Frameworks */ = {isa = PBXBuildFile; fileRef = 2B7EF2C815FAB04200D4079F /* UIKit.framework */; };
		2B7EF2CB15FAB04200D4079F /* Foundation.framework in Frameworks */ = {isa = PBXBuildFile; fileRef = 2B7EF2CA15FAB04200D4079F /* Foundation.framework */; };
		2B7EF2CD15FAB04200D4079F /* CoreGraphics.framework in Frameworks */ = {isa = PBXBuildFile; fileRef = 2B7EF2CC15FAB04200D4079F /* CoreGraphics.framework */; };
		2B7EF2D315FAB04200D4079F /* InfoPlist.strings in Resources */ = {isa = PBXBuildFile; fileRef = 2B7EF2D115FAB04200D4079F /* InfoPlist.strings */; };
		2B7EF2D515FAB04200D4079F /* main.m in Sources */ = {isa = PBXBuildFile; fileRef = 2B7EF2D415FAB04200D4079F /* main.m */; };
		2B7EF2D915FAB04200D4079F /* AppDelegate.m in Sources */ = {isa = PBXBuildFile; fileRef = 2B7EF2D815FAB04200D4079F /* AppDelegate.m */; };
		2B7EF2F515FAB35F00D4079F /* StartupViewController.m in Sources */ = {isa = PBXBuildFile; fileRef = 2B7EF2F415FAB35F00D4079F /* StartupViewController.m */; };
		2B7EF2FA15FAB3F200D4079F /* TestViewController.m in Sources */ = {isa = PBXBuildFile; fileRef = 2B7EF2F915FAB3F200D4079F /* TestViewController.m */; };
		2B7EF32015FF999200D4079F /* libMaplyComponent.a in Frameworks */ = {isa = PBXBuildFile; fileRef = 2B7EF30415FAB49A00D4079F /* libMaplyComponent.a */; };
		2B7EF32215FF999200D4079F /* libWhirlyGlobeLib.a in Frameworks */ = {isa = PBXBuildFile; fileRef = 2B7EF32115FF999200D4079F /* libWhirlyGlobeLib.a */; };
/* End PBXBuildFile section */

/* Begin PBXContainerItemProxy section */
		2B7EF30315FAB49A00D4079F /* PBXContainerItemProxy */ = {
			isa = PBXContainerItemProxy;
			containerPortal = 2B7EF2FB15FAB49900D4079F /* MaplyComponent.xcodeproj */;
			proxyType = 2;
			remoteGlobalIDString = 2B40463D15F965E300937923;
			remoteInfo = MaplyComponent;
		};
/* End PBXContainerItemProxy section */

/* Begin PBXFileReference section */
		2B7EF2C415FAB04200D4079F /* MaplyComponentTester.app */ = {isa = PBXFileReference; explicitFileType = wrapper.application; includeInIndex = 0; path = MaplyComponentTester.app; sourceTree = BUILT_PRODUCTS_DIR; };
		2B7EF2C815FAB04200D4079F /* UIKit.framework */ = {isa = PBXFileReference; lastKnownFileType = wrapper.framework; name = UIKit.framework; path = System/Library/Frameworks/UIKit.framework; sourceTree = SDKROOT; };
		2B7EF2CA15FAB04200D4079F /* Foundation.framework */ = {isa = PBXFileReference; lastKnownFileType = wrapper.framework; name = Foundation.framework; path = System/Library/Frameworks/Foundation.framework; sourceTree = SDKROOT; };
		2B7EF2CC15FAB04200D4079F /* CoreGraphics.framework */ = {isa = PBXFileReference; lastKnownFileType = wrapper.framework; name = CoreGraphics.framework; path = System/Library/Frameworks/CoreGraphics.framework; sourceTree = SDKROOT; };
		2B7EF2D015FAB04200D4079F /* MaplyComponentTester-Info.plist */ = {isa = PBXFileReference; lastKnownFileType = text.plist.xml; path = "MaplyComponentTester-Info.plist"; sourceTree = "<group>"; };
		2B7EF2D215FAB04200D4079F /* en */ = {isa = PBXFileReference; lastKnownFileType = text.plist.strings; name = en; path = en.lproj/InfoPlist.strings; sourceTree = "<group>"; };
		2B7EF2D415FAB04200D4079F /* main.m */ = {isa = PBXFileReference; lastKnownFileType = sourcecode.c.objc; path = main.m; sourceTree = "<group>"; };
		2B7EF2D615FAB04200D4079F /* MaplyComponentTester-Prefix.pch */ = {isa = PBXFileReference; lastKnownFileType = sourcecode.c.h; path = "MaplyComponentTester-Prefix.pch"; sourceTree = "<group>"; };
		2B7EF2D715FAB04200D4079F /* AppDelegate.h */ = {isa = PBXFileReference; lastKnownFileType = sourcecode.c.h; path = AppDelegate.h; sourceTree = "<group>"; };
		2B7EF2D815FAB04200D4079F /* AppDelegate.m */ = {isa = PBXFileReference; lastKnownFileType = sourcecode.c.objc; path = AppDelegate.m; sourceTree = "<group>"; };
		2B7EF2F315FAB35F00D4079F /* StartupViewController.h */ = {isa = PBXFileReference; fileEncoding = 4; lastKnownFileType = sourcecode.c.h; path = StartupViewController.h; sourceTree = "<group>"; };
		2B7EF2F415FAB35F00D4079F /* StartupViewController.m */ = {isa = PBXFileReference; fileEncoding = 4; lastKnownFileType = sourcecode.c.objc; path = StartupViewController.m; sourceTree = "<group>"; };
		2B7EF2F815FAB3F200D4079F /* TestViewController.h */ = {isa = PBXFileReference; fileEncoding = 4; lastKnownFileType = sourcecode.c.h; path = TestViewController.h; sourceTree = "<group>"; };
		2B7EF2F915FAB3F200D4079F /* TestViewController.m */ = {isa = PBXFileReference; fileEncoding = 4; lastKnownFileType = sourcecode.c.objc; path = TestViewController.m; sourceTree = "<group>"; };
		2B7EF2FB15FAB49900D4079F /* MaplyComponent.xcodeproj */ = {isa = PBXFileReference; lastKnownFileType = "wrapper.pb-project"; name = MaplyComponent.xcodeproj; path = ../MaplyComponent/MaplyComponent.xcodeproj; sourceTree = "<group>"; };
		2B7EF32115FF999200D4079F /* libWhirlyGlobeLib.a */ = {isa = PBXFileReference; lastKnownFileType = archive.ar; name = libWhirlyGlobeLib.a; path = "../WhirlyGlobeLib/build/Debug-iphoneos/libWhirlyGlobeLib.a"; sourceTree = "<group>"; };
/* End PBXFileReference section */

/* Begin PBXFrameworksBuildPhase section */
		2B7EF2C115FAB04200D4079F /* Frameworks */ = {
			isa = PBXFrameworksBuildPhase;
			buildActionMask = 2147483647;
			files = (
				2B7EF32215FF999200D4079F /* libWhirlyGlobeLib.a in Frameworks */,
				2B7EF32015FF999200D4079F /* libMaplyComponent.a in Frameworks */,
				2B7EF2C915FAB04200D4079F /* UIKit.framework in Frameworks */,
				2B7EF2CB15FAB04200D4079F /* Foundation.framework in Frameworks */,
				2B7EF2CD15FAB04200D4079F /* CoreGraphics.framework in Frameworks */,
			);
			runOnlyForDeploymentPostprocessing = 0;
		};
/* End PBXFrameworksBuildPhase section */

/* Begin PBXGroup section */
		2B7EF2B915FAB04200D4079F = {
			isa = PBXGroup;
			children = (
				2B7EF32115FF999200D4079F /* libWhirlyGlobeLib.a */,
				2B7EF2CE15FAB04200D4079F /* MaplyComponentTester */,
				2B7EF2C715FAB04200D4079F /* Frameworks */,
				2B7EF2C515FAB04200D4079F /* Products */,
			);
			sourceTree = "<group>";
		};
		2B7EF2C515FAB04200D4079F /* Products */ = {
			isa = PBXGroup;
			children = (
				2B7EF2C415FAB04200D4079F /* MaplyComponentTester.app */,
			);
			name = Products;
			sourceTree = "<group>";
		};
		2B7EF2C715FAB04200D4079F /* Frameworks */ = {
			isa = PBXGroup;
			children = (
				2B7EF2FB15FAB49900D4079F /* MaplyComponent.xcodeproj */,
				2B7EF2C815FAB04200D4079F /* UIKit.framework */,
				2B7EF2CA15FAB04200D4079F /* Foundation.framework */,
				2B7EF2CC15FAB04200D4079F /* CoreGraphics.framework */,
			);
			name = Frameworks;
			sourceTree = "<group>";
		};
		2B7EF2CE15FAB04200D4079F /* MaplyComponentTester */ = {
			isa = PBXGroup;
			children = (
				2B7EF2D715FAB04200D4079F /* AppDelegate.h */,
				2B7EF2D815FAB04200D4079F /* AppDelegate.m */,
				2B7EF2F315FAB35F00D4079F /* StartupViewController.h */,
				2B7EF2F415FAB35F00D4079F /* StartupViewController.m */,
				2B7EF2F815FAB3F200D4079F /* TestViewController.h */,
				2B7EF2F915FAB3F200D4079F /* TestViewController.m */,
				2B7EF2CF15FAB04200D4079F /* Supporting Files */,
			);
			path = MaplyComponentTester;
			sourceTree = "<group>";
		};
		2B7EF2CF15FAB04200D4079F /* Supporting Files */ = {
			isa = PBXGroup;
			children = (
				2B7EF2D015FAB04200D4079F /* MaplyComponentTester-Info.plist */,
				2B7EF2D115FAB04200D4079F /* InfoPlist.strings */,
				2B7EF2D415FAB04200D4079F /* main.m */,
				2B7EF2D615FAB04200D4079F /* MaplyComponentTester-Prefix.pch */,
			);
			name = "Supporting Files";
			sourceTree = "<group>";
		};
		2B7EF2FC15FAB49900D4079F /* Products */ = {
			isa = PBXGroup;
			children = (
				2B7EF30415FAB49A00D4079F /* libMaplyComponent.a */,
			);
			name = Products;
			sourceTree = "<group>";
		};
/* End PBXGroup section */

/* Begin PBXNativeTarget section */
		2B7EF2C315FAB04200D4079F /* MaplyComponentTester */ = {
			isa = PBXNativeTarget;
			buildConfigurationList = 2B7EF2DC15FAB04200D4079F /* Build configuration list for PBXNativeTarget "MaplyComponentTester" */;
			buildPhases = (
				2B7EF2C015FAB04200D4079F /* Sources */,
				2B7EF2C115FAB04200D4079F /* Frameworks */,
				2B7EF2C215FAB04200D4079F /* Resources */,
			);
			buildRules = (
			);
			dependencies = (
			);
			name = MaplyComponentTester;
			productName = MaplyComponentTester;
			productReference = 2B7EF2C415FAB04200D4079F /* MaplyComponentTester.app */;
			productType = "com.apple.product-type.application";
		};
/* End PBXNativeTarget section */

/* Begin PBXProject section */
		2B7EF2BB15FAB04200D4079F /* Project object */ = {
			isa = PBXProject;
			attributes = {
				LastUpgradeCheck = 0440;
				ORGANIZATIONNAME = "mousebird consulting";
			};
			buildConfigurationList = 2B7EF2BE15FAB04200D4079F /* Build configuration list for PBXProject "MaplyComponentTester" */;
			compatibilityVersion = "Xcode 3.2";
			developmentRegion = English;
			hasScannedForEncodings = 0;
			knownRegions = (
				en,
			);
			mainGroup = 2B7EF2B915FAB04200D4079F;
			productRefGroup = 2B7EF2C515FAB04200D4079F /* Products */;
			projectDirPath = "";
			projectReferences = (
				{
					ProductGroup = 2B7EF2FC15FAB49900D4079F /* Products */;
					ProjectRef = 2B7EF2FB15FAB49900D4079F /* MaplyComponent.xcodeproj */;
				},
			);
			projectRoot = "";
			targets = (
				2B7EF2C315FAB04200D4079F /* MaplyComponentTester */,
			);
		};
/* End PBXProject section */

/* Begin PBXReferenceProxy section */
		2B7EF30415FAB49A00D4079F /* libMaplyComponent.a */ = {
			isa = PBXReferenceProxy;
			fileType = archive.ar;
			path = libMaplyComponent.a;
			remoteRef = 2B7EF30315FAB49A00D4079F /* PBXContainerItemProxy */;
			sourceTree = BUILT_PRODUCTS_DIR;
		};
/* End PBXReferenceProxy section */

/* Begin PBXResourcesBuildPhase section */
		2B7EF2C215FAB04200D4079F /* Resources */ = {
			isa = PBXResourcesBuildPhase;
			buildActionMask = 2147483647;
			files = (
				2B7EF2D315FAB04200D4079F /* InfoPlist.strings in Resources */,
			);
			runOnlyForDeploymentPostprocessing = 0;
		};
/* End PBXResourcesBuildPhase section */

/* Begin PBXSourcesBuildPhase section */
		2B7EF2C015FAB04200D4079F /* Sources */ = {
			isa = PBXSourcesBuildPhase;
			buildActionMask = 2147483647;
			files = (
				2B7EF2D515FAB04200D4079F /* main.m in Sources */,
				2B7EF2D915FAB04200D4079F /* AppDelegate.m in Sources */,
				2B7EF2F515FAB35F00D4079F /* StartupViewController.m in Sources */,
				2B7EF2FA15FAB3F200D4079F /* TestViewController.m in Sources */,
			);
			runOnlyForDeploymentPostprocessing = 0;
		};
/* End PBXSourcesBuildPhase section */

/* Begin PBXVariantGroup section */
		2B7EF2D115FAB04200D4079F /* InfoPlist.strings */ = {
			isa = PBXVariantGroup;
			children = (
				2B7EF2D215FAB04200D4079F /* en */,
			);
			name = InfoPlist.strings;
			sourceTree = "<group>";
		};
/* End PBXVariantGroup section */

/* Begin XCBuildConfiguration section */
		2B7EF2DA15FAB04200D4079F /* Debug */ = {
			isa = XCBuildConfiguration;
			buildSettings = {
				ALWAYS_SEARCH_USER_PATHS = NO;
				ARCHS = "$(ARCHS_STANDARD_32_BIT)";
				CLANG_CXX_LANGUAGE_STANDARD = "gnu++0x";
				CLANG_ENABLE_OBJC_ARC = YES;
				CLANG_WARN__DUPLICATE_METHOD_MATCH = YES;
				"CODE_SIGN_IDENTITY[sdk=iphoneos*]" = "iPhone Developer";
				COPY_PHASE_STRIP = NO;
				GCC_C_LANGUAGE_STANDARD = gnu99;
				GCC_DYNAMIC_NO_PIC = NO;
				GCC_OPTIMIZATION_LEVEL = 0;
				GCC_PREPROCESSOR_DEFINITIONS = (
					"DEBUG=1",
					"$(inherited)",
				);
				GCC_SYMBOLS_PRIVATE_EXTERN = NO;
				GCC_VERSION = com.apple.compilers.llvm.clang.1_0;
				GCC_WARN_ABOUT_RETURN_TYPE = YES;
				GCC_WARN_UNINITIALIZED_AUTOS = YES;
				GCC_WARN_UNUSED_VARIABLE = YES;
				IPHONEOS_DEPLOYMENT_TARGET = 5.1;
				SDKROOT = iphoneos;
				TARGETED_DEVICE_FAMILY = "1,2";
			};
			name = Debug;
		};
		2B7EF2DB15FAB04200D4079F /* Release */ = {
			isa = XCBuildConfiguration;
			buildSettings = {
				ALWAYS_SEARCH_USER_PATHS = NO;
				ARCHS = "$(ARCHS_STANDARD_32_BIT)";
				CLANG_CXX_LANGUAGE_STANDARD = "gnu++0x";
				CLANG_ENABLE_OBJC_ARC = YES;
				CLANG_WARN__DUPLICATE_METHOD_MATCH = YES;
				"CODE_SIGN_IDENTITY[sdk=iphoneos*]" = "iPhone Developer";
				COPY_PHASE_STRIP = YES;
				GCC_C_LANGUAGE_STANDARD = gnu99;
				GCC_VERSION = com.apple.compilers.llvm.clang.1_0;
				GCC_WARN_ABOUT_RETURN_TYPE = YES;
				GCC_WARN_UNINITIALIZED_AUTOS = YES;
				GCC_WARN_UNUSED_VARIABLE = YES;
				IPHONEOS_DEPLOYMENT_TARGET = 5.1;
				OTHER_CFLAGS = "-DNS_BLOCK_ASSERTIONS=1";
				SDKROOT = iphoneos;
				TARGETED_DEVICE_FAMILY = "1,2";
				VALIDATE_PRODUCT = YES;
			};
			name = Release;
		};
		2B7EF2DD15FAB04200D4079F /* Debug */ = {
			isa = XCBuildConfiguration;
			buildSettings = {
				GCC_PRECOMPILE_PREFIX_HEADER = YES;
				GCC_PREFIX_HEADER = "MaplyComponentTester/MaplyComponentTester-Prefix.pch";
				HEADER_SEARCH_PATHS = ../MaplyComponent/include/;
				INFOPLIST_FILE = "MaplyComponentTester/MaplyComponentTester-Info.plist";
				LIBRARY_SEARCH_PATHS = (
					"$(inherited)",
					"\"$(SRCROOT)/../WhirlyGlobeLib/build/Debug-iphoneos\"",
				);
				PRODUCT_NAME = "$(TARGET_NAME)";
				WRAPPER_EXTENSION = app;
			};
			name = Debug;
		};
		2B7EF2DE15FAB04200D4079F /* Release */ = {
			isa = XCBuildConfiguration;
			buildSettings = {
				GCC_PRECOMPILE_PREFIX_HEADER = YES;
				GCC_PREFIX_HEADER = "MaplyComponentTester/MaplyComponentTester-Prefix.pch";
				HEADER_SEARCH_PATHS = ../MaplyComponent/include/;
				INFOPLIST_FILE = "MaplyComponentTester/MaplyComponentTester-Info.plist";
				LIBRARY_SEARCH_PATHS = (
					"$(inherited)",
					"\"$(SRCROOT)/../WhirlyGlobeLib/build/Debug-iphoneos\"",
				);
				PRODUCT_NAME = "$(TARGET_NAME)";
				WRAPPER_EXTENSION = app;
			};
			name = Release;
		};
/* End XCBuildConfiguration section */

/* Begin XCConfigurationList section */
		2B7EF2BE15FAB04200D4079F /* Build configuration list for PBXProject "MaplyComponentTester" */ = {
			isa = XCConfigurationList;
			buildConfigurations = (
				2B7EF2DA15FAB04200D4079F /* Debug */,
				2B7EF2DB15FAB04200D4079F /* Release */,
			);
			defaultConfigurationIsVisible = 0;
			defaultConfigurationName = Release;
		};
		2B7EF2DC15FAB04200D4079F /* Build configuration list for PBXNativeTarget "MaplyComponentTester" */ = {
			isa = XCConfigurationList;
			buildConfigurations = (
				2B7EF2DD15FAB04200D4079F /* Debug */,
				2B7EF2DE15FAB04200D4079F /* Release */,
			);
			defaultConfigurationIsVisible = 0;
			defaultConfigurationName = Release;
		};
/* End XCConfigurationList section */
	};
	rootObject = 2B7EF2BB15FAB04200D4079F /* Project object */;
}
